
Microsoft Visual Studio Solution File, Format Version 12.00
# Visual Studio Version 17
VisualStudioVersion = 17.0.31611.283
MinimumVisualStudioVersion = 10.0.40219.1
Project("{2150E333-8FDC-42A3-9474-1A3956D46DE8}") = "Tools", "Tools", "{0A154F20-05CA-46B1-939E-5DBCAB4DB23B}"
EndProject
Project("{9A19103F-16F7-4668-BE54-9A1E7A4F7556}") = "GeneratePackJson", "Tools\GeneratePackJson\GeneratePackJson.csproj", "{98A2A443-7C31-4A87-9B43-4ADF0D1FDD87}"
EndProject
Project("{9A19103F-16F7-4668-BE54-9A1E7A4F7556}") = "SortAllIconsIntoFolder", "Tools\SortAllIconsIntoFolder\SortAllIconsIntoFolder.csproj", "{0D642F63-E229-4FF6-A06C-BD7DC4DB771F}"
EndProject
Project("{9A19103F-16F7-4668-BE54-9A1E7A4F7556}") = "IconRepository", "IconRepository\IconRepository.csproj", "{B0F9FB66-DAD1-4E83-870C-8B8C94729624}"
	ProjectSection(ProjectDependencies) = postProject
		{C0A67F3F-BD15-48AA-B9E0-51C32E933DC9} = {C0A67F3F-BD15-48AA-B9E0-51C32E933DC9}
	EndProjectSection
EndProject
Project("{9A19103F-16F7-4668-BE54-9A1E7A4F7556}") = "IconInfo", "PackCore\IconInfo.csproj", "{C0A67F3F-BD15-48AA-B9E0-51C32E933DC9}"
EndProject
Global
	GlobalSection(SolutionConfigurationPlatforms) = preSolution
		Debug|Any CPU = Debug|Any CPU
		Release|Any CPU = Release|Any CPU
	EndGlobalSection
	GlobalSection(ProjectConfigurationPlatforms) = postSolution
		{98A2A443-7C31-4A87-9B43-4ADF0D1FDD87}.Debug|Any CPU.ActiveCfg = Debug|Any CPU
		{98A2A443-7C31-4A87-9B43-4ADF0D1FDD87}.Debug|Any CPU.Build.0 = Debug|Any CPU
		{98A2A443-7C31-4A87-9B43-4ADF0D1FDD87}.Release|Any CPU.ActiveCfg = Release|Any CPU
		{98A2A443-7C31-4A87-9B43-4ADF0D1FDD87}.Release|Any CPU.Build.0 = Release|Any CPU
		{0D642F63-E229-4FF6-A06C-BD7DC4DB771F}.Debug|Any CPU.ActiveCfg = Debug|Any CPU
		{0D642F63-E229-4FF6-A06C-BD7DC4DB771F}.Debug|Any CPU.Build.0 = Debug|Any CPU
		{0D642F63-E229-4FF6-A06C-BD7DC4DB771F}.Release|Any CPU.ActiveCfg = Release|Any CPU
		{0D642F63-E229-4FF6-A06C-BD7DC4DB771F}.Release|Any CPU.Build.0 = Release|Any CPU
		{B0F9FB66-DAD1-4E83-870C-8B8C94729624}.Debug|Any CPU.ActiveCfg = Debug|Any CPU
		{B0F9FB66-DAD1-4E83-870C-8B8C94729624}.Debug|Any CPU.Build.0 = Debug|Any CPU
		{B0F9FB66-DAD1-4E83-870C-8B8C94729624}.Release|Any CPU.ActiveCfg = Release|Any CPU
		{B0F9FB66-DAD1-4E83-870C-8B8C94729624}.Release|Any CPU.Build.0 = Release|Any CPU
		{C0A67F3F-BD15-48AA-B9E0-51C32E933DC9}.Debug|Any CPU.ActiveCfg = Debug|Any CPU
		{C0A67F3F-BD15-48AA-B9E0-51C32E933DC9}.Debug|Any CPU.Build.0 = Debug|Any CPU
		{C0A67F3F-BD15-48AA-B9E0-51C32E933DC9}.Release|Any CPU.ActiveCfg = Release|Any CPU
		{C0A67F3F-BD15-48AA-B9E0-51C32E933DC9}.Release|Any CPU.Build.0 = Release|Any CPU
	EndGlobalSection
	GlobalSection(SolutionProperties) = preSolution
		HideSolutionNode = FALSE
	EndGlobalSection
	GlobalSection(NestedProjects) = preSolution
		{98A2A443-7C31-4A87-9B43-4ADF0D1FDD87} = {0A154F20-05CA-46B1-939E-5DBCAB4DB23B}
		{0D642F63-E229-4FF6-A06C-BD7DC4DB771F} = {0A154F20-05CA-46B1-939E-5DBCAB4DB23B}
	EndGlobalSection
	GlobalSection(ExtensibilityGlobals) = postSolution
		SolutionGuid = {61F7FB11-1E47-470C-91E2-47F8143E1572}
	EndGlobalSection
EndGlobal
